
Microsoft Visual Studio Solution File, Format Version 12.00
# Visual Studio Version 17
VisualStudioVersion = 17.10.35201.131
MinimumVisualStudioVersion = 10.0.40219.1
Project("{FAE04EC0-301F-11D3-BF4B-00C04F79EFBC}") = "bookstoremvc", "bookstoremvc\bookstoremvc.csproj", "{95926908-BBA5-4019-85AD-F9C41391DAAB}"
EndProject
Global
	GlobalSection(SolutionConfigurationPlatforms) = preSolution
		Debug|Any CPU = Debug|Any CPU
		Release|Any CPU = Release|Any CPU
	EndGlobalSection
	GlobalSection(ProjectConfigurationPlatforms) = postSolution
		{95926908-BBA5-4019-85AD-F9C41391DAAB}.Debug|Any CPU.ActiveCfg = Debug|Any CPU
		{95926908-BBA5-4019-85AD-F9C41391DAAB}.Debug|Any CPU.Build.0 = Debug|Any CPU
		{95926908-BBA5-4019-85AD-F9C41391DAAB}.Release|Any CPU.ActiveCfg = Release|Any CPU
		{95926908-BBA5-4019-85AD-F9C41391DAAB}.Release|Any CPU.Build.0 = Release|Any CPU
	EndGlobalSection
	GlobalSection(SolutionProperties) = preSolution
		HideSolutionNode = FALSE
	EndGlobalSection
	GlobalSection(ExtensibilityGlobals) = postSolution
		SolutionGuid = {C0D04AF2-23ED-4636-85A3-95DA796EF3AF}
	EndGlobalSection
EndGlobal
